
Microsoft Visual Studio Solution File, Format Version 12.00
# Visual Studio Version 17
VisualStudioVersion = 17.9.34607.119
MinimumVisualStudioVersion = 10.0.40219.1
Project("{FAE04EC0-301F-11D3-BF4B-00C04F79EFBC}") = "CSharp007", "CSharp007\CSharp007.csproj", "{050485F2-17CD-4B2E-B214-797CB6A5A092}"
EndProject
Global
	GlobalSection(SolutionConfigurationPlatforms) = preSolution
		Debug|Any CPU = Debug|Any CPU
		Release|Any CPU = Release|Any CPU
	EndGlobalSection
	GlobalSection(ProjectConfigurationPlatforms) = postSolution
		{050485F2-17CD-4B2E-B214-797CB6A5A092}.Debug|Any CPU.ActiveCfg = Debug|Any CPU
		{050485F2-17CD-4B2E-B214-797CB6A5A092}.Debug|Any CPU.Build.0 = Debug|Any CPU
		{050485F2-17CD-4B2E-B214-797CB6A5A092}.Release|Any CPU.ActiveCfg = Release|Any CPU
		{050485F2-17CD-4B2E-B214-797CB6A5A092}.Release|Any CPU.Build.0 = Release|Any CPU
	EndGlobalSection
	GlobalSection(SolutionProperties) = preSolution
		HideSolutionNode = FALSE
	EndGlobalSection
	GlobalSection(ExtensibilityGlobals) = postSolution
		SolutionGuid = {18BBA25A-B741-4B40-81D3-3B9448CC974B}
	EndGlobalSection
EndGlobal
